
Microsoft Visual Studio Solution File, Format Version 12.00
# Visual Studio Version 16
VisualStudioVersion = 16.0.29209.62
MinimumVisualStudioVersion = 10.0.40219.1
Project("{FAE04EC0-301F-11D3-BF4B-00C04F79EFBC}") = "№1_варинт_3", "№1_варинт_3.csproj", "{205C14AF-2AB8-45C6-9587-330B700DEB08}"
EndProject
Project("{FAE04EC0-301F-11D3-BF4B-00C04F79EFBC}") = "№5_вариант_3", "..\№5_вариант_3\№5_вариант_3.csproj", "{E1668661-5A24-4EFB-BC7F-049ADBF0C927}"
EndProject
Project("{FAE04EC0-301F-11D3-BF4B-00C04F79EFBC}") = "Задание 8", "..\Задание 8\Задание 8.csproj", "{C9424046-11D8-499E-A47B-2DAD27E34A19}"
EndProject
Project("{FAE04EC0-301F-11D3-BF4B-00C04F79EFBC}") = "задание_9 (код грея)", "..\задание_9 (код грея)\задание_9 (код грея).csproj", "{234127D8-91D3-438B-A966-52017A2CC632}"
EndProject
Global
	GlobalSection(SolutionConfigurationPlatforms) = preSolution
		Debug|Any CPU = Debug|Any CPU
		Release|Any CPU = Release|Any CPU
	EndGlobalSection
	GlobalSection(ProjectConfigurationPlatforms) = postSolution
		{205C14AF-2AB8-45C6-9587-330B700DEB08}.Debug|Any CPU.ActiveCfg = Debug|Any CPU
		{205C14AF-2AB8-45C6-9587-330B700DEB08}.Debug|Any CPU.Build.0 = Debug|Any CPU
		{205C14AF-2AB8-45C6-9587-330B700DEB08}.Release|Any CPU.ActiveCfg = Release|Any CPU
		{205C14AF-2AB8-45C6-9587-330B700DEB08}.Release|Any CPU.Build.0 = Release|Any CPU
		{E1668661-5A24-4EFB-BC7F-049ADBF0C927}.Debug|Any CPU.ActiveCfg = Debug|Any CPU
		{E1668661-5A24-4EFB-BC7F-049ADBF0C927}.Debug|Any CPU.Build.0 = Debug|Any CPU
		{E1668661-5A24-4EFB-BC7F-049ADBF0C927}.Release|Any CPU.ActiveCfg = Release|Any CPU
		{E1668661-5A24-4EFB-BC7F-049ADBF0C927}.Release|Any CPU.Build.0 = Release|Any CPU
		{C9424046-11D8-499E-A47B-2DAD27E34A19}.Debug|Any CPU.ActiveCfg = Debug|Any CPU
		{C9424046-11D8-499E-A47B-2DAD27E34A19}.Debug|Any CPU.Build.0 = Debug|Any CPU
		{C9424046-11D8-499E-A47B-2DAD27E34A19}.Release|Any CPU.ActiveCfg = Release|Any CPU
		{C9424046-11D8-499E-A47B-2DAD27E34A19}.Release|Any CPU.Build.0 = Release|Any CPU
		{234127D8-91D3-438B-A966-52017A2CC632}.Debug|Any CPU.ActiveCfg = Debug|Any CPU
		{234127D8-91D3-438B-A966-52017A2CC632}.Debug|Any CPU.Build.0 = Debug|Any CPU
		{234127D8-91D3-438B-A966-52017A2CC632}.Release|Any CPU.ActiveCfg = Release|Any CPU
		{234127D8-91D3-438B-A966-52017A2CC632}.Release|Any CPU.Build.0 = Release|Any CPU
	EndGlobalSection
	GlobalSection(SolutionProperties) = preSolution
		HideSolutionNode = FALSE
	EndGlobalSection
	GlobalSection(ExtensibilityGlobals) = postSolution
		SolutionGuid = {EA462781-D49E-46DC-AC9C-B5ECFD59F808}
	EndGlobalSection
EndGlobal
